{
  "version": 4,
  "terraform_version": "1.14.0",
  "serial": 81,
  "lineage": "f8a7879e-f051-b76a-8950-a1aabd6b8498",
  "outputs": {
    "database_connection_name": {
      "value": "mc-dev-482002:australia-southeast1:meccanico-postgres-dev",
      "type": "string"
    },
    "database_name": {
      "value": "meccanico",
      "type": "string"
    },
    "database_private_ip": {
      "value": "10.188.0.3",
      "type": "string"
    },
    "database_user": {
      "value": "meccanico",
      "type": "string"
    },
    "frontend_url": {
      "value": "https://meccanico-frontend-dev-hzwq736q2a-ts.a.run.app",
      "type": "string"
    },
    "vpc_connector_name": {
      "value": "meccanico-vpc-connector",
      "type": "string"
    }
  },
  "resources": [
    {
      "module": "module.cloudrun",
      "mode": "managed",
      "type": "google_cloud_run_service_iam_member",
      "name": "frontend_public",
      "provider": "provider[\"registry.terraform.io/hashicorp/google\"]",
      "instances": [
        {
          "schema_version": 0,
          "attributes": {
            "condition": [],
            "etag": "BwZGg1aQ4Lk=",
            "id": "v1/projects/mc-dev-482002/locations/australia-southeast1/services/meccanico-frontend-dev/roles/run.invoker/allUsers",
            "location": "australia-southeast1",
            "member": "allUsers",
            "project": "mc-dev-482002",
            "role": "roles/run.invoker",
            "service": "v1/projects/mc-dev-482002/locations/australia-southeast1/services/meccanico-frontend-dev"
          },
          "sensitive_attributes": [],
          "identity_schema_version": 0,
          "private": "bnVsbA==",
          "dependencies": [
            "module.cloudrun.google_cloud_run_v2_service.frontend",
            "module.database.google_sql_database.database",
            "module.database.google_sql_database_instance.postgres",
            "module.database.google_sql_user.user",
            "module.network.google_compute_global_address.private_ip_range",
            "module.network.google_compute_network.vpc",
            "module.network.google_compute_subnetwork.subnet",
            "module.network.google_service_networking_connection.private_vpc_connection",
            "module.network.google_vpc_access_connector.connector"
          ]
        }
      ]
    },
    {
      "module": "module.cloudrun",
      "mode": "managed",
      "type": "google_cloud_run_v2_service",
      "name": "frontend",
      "provider": "provider[\"registry.terraform.io/hashicorp/google\"]",
      "instances": [
        {
          "schema_version": 0,
          "attributes": {
            "annotations": null,
            "binary_authorization": [],
            "client": "",
            "client_version": "",
            "conditions": [
              {
                "execution_reason": "",
                "last_transition_time": "2025-12-22T05:02:40.957463Z",
                "message": "",
                "reason": "",
                "revision_reason": "",
                "severity": "",
                "state": "CONDITION_SUCCEEDED",
                "type": "RoutesReady"
              },
              {
                "execution_reason": "",
                "last_transition_time": "2025-12-22T05:02:35.890310Z",
                "message": "",
                "reason": "",
                "revision_reason": "",
                "severity": "",
                "state": "CONDITION_SUCCEEDED",
                "type": "ConfigurationsReady"
              }
            ],
            "create_time": "2025-12-22T05:02:15.072609Z",
            "creator": "luke@lewinnovation.com",
            "custom_audiences": null,
            "delete_time": "",
            "description": "",
            "effective_annotations": {},
            "effective_labels": {},
            "etag": "\"CNeho8oGEOjZzyI/cHJvamVjdHMvbWMtZGV2LTQ4MjAwMi9sb2NhdGlvbnMvYXVzdHJhbGlhLXNvdXRoZWFzdDEvc2VydmljZXMvbWVjY2FuaWNvLWZyb250ZW5kLWRldg\"",
            "expire_time": "",
            "generation": "1",
            "id": "projects/mc-dev-482002/locations/australia-southeast1/services/meccanico-frontend-dev",
            "ingress": "INGRESS_TRAFFIC_ALL",
            "labels": null,
            "last_modifier": "luke@lewinnovation.com",
            "latest_created_revision": "projects/mc-dev-482002/locations/australia-southeast1/services/meccanico-frontend-dev/revisions/meccanico-frontend-dev-00001-t5k",
            "latest_ready_revision": "projects/mc-dev-482002/locations/australia-southeast1/services/meccanico-frontend-dev/revisions/meccanico-frontend-dev-00001-t5k",
            "launch_stage": "GA",
            "location": "australia-southeast1",
            "name": "meccanico-frontend-dev",
            "observed_generation": "1",
            "project": "mc-dev-482002",
            "reconciling": false,
            "template": [
              {
                "annotations": null,
                "containers": [
                  {
                    "args": null,
                    "command": null,
                    "depends_on": null,
                    "env": [
                      {
                        "name": "VITE_API_URL",
                        "value": "https://api.mc.lwylabs.dev",
                        "value_source": []
                      }
                    ],
                    "image": "australia-southeast1-docker.pkg.dev/mc-dev-482002/meccanico/frontend:latest",
                    "liveness_probe": [],
                    "name": "",
                    "ports": [
                      {
                        "container_port": 3000,
                        "name": "http1"
                      }
                    ],
                    "resources": [
                      {
                        "cpu_idle": false,
                        "limits": {
                          "cpu": "1",
                          "memory": "512Mi"
                        },
                        "startup_cpu_boost": false
                      }
                    ],
                    "startup_probe": [
                      {
                        "failure_threshold": 1,
                        "grpc": [],
                        "http_get": [],
                        "initial_delay_seconds": 0,
                        "period_seconds": 240,
                        "tcp_socket": [
                          {
                            "port": 3000
                          }
                        ],
                        "timeout_seconds": 240
                      }
                    ],
                    "volume_mounts": [],
                    "working_dir": ""
                  }
                ],
                "encryption_key": "",
                "execution_environment": "",
                "labels": null,
                "max_instance_request_concurrency": 80,
                "revision": "",
                "scaling": [
                  {
                    "max_instance_count": 10,
                    "min_instance_count": 0
                  }
                ],
                "service_account": "meccanico-cloudrun@mc-dev-482002.iam.gserviceaccount.com",
                "session_affinity": false,
                "timeout": "300s",
                "volumes": [],
                "vpc_access": []
              }
            ],
            "terminal_condition": [
              {
                "execution_reason": "",
                "last_transition_time": "2025-12-22T05:02:40.997560Z",
                "message": "",
                "reason": "",
                "revision_reason": "",
                "severity": "",
                "state": "CONDITION_SUCCEEDED",
                "type": "Ready"
              }
            ],
            "terraform_labels": {},
            "timeouts": null,
            "traffic": [
              {
                "percent": 100,
                "revision": "",
                "tag": "",
                "type": "TRAFFIC_TARGET_ALLOCATION_TYPE_LATEST"
              }
            ],
            "traffic_statuses": [
              {
                "percent": 100,
                "revision": "",
                "tag": "",
                "type": "TRAFFIC_TARGET_ALLOCATION_TYPE_LATEST",
                "uri": ""
              }
            ],
            "uid": "174a6086-fa4b-4888-a767-080475b63a35",
            "update_time": "2025-12-22T05:02:15.072609Z",
            "uri": "https://meccanico-frontend-dev-hzwq736q2a-ts.a.run.app"
          },
          "sensitive_attributes": [],
          "identity_schema_version": 0,
          "private": "eyJlMmJmYjczMC1lY2FhLTExZTYtOGY4OC0zNDM2M2JjN2M0YzAiOnsiY3JlYXRlIjoxMjAwMDAwMDAwMDAwLCJkZWxldGUiOjEyMDAwMDAwMDAwMDAsInVwZGF0ZSI6MTIwMDAwMDAwMDAwMH19",
          "dependencies": [
            "module.database.google_sql_database.database",
            "module.database.google_sql_database_instance.postgres",
            "module.database.google_sql_user.user",
            "module.network.google_compute_global_address.private_ip_range",
            "module.network.google_compute_network.vpc",
            "module.network.google_compute_subnetwork.subnet",
            "module.network.google_service_networking_connection.private_vpc_connection",
            "module.network.google_vpc_access_connector.connector"
          ]
        }
      ]
    },
    {
      "module": "module.database",
      "mode": "managed",
      "type": "google_sql_database",
      "name": "database",
      "provider": "provider[\"registry.terraform.io/hashicorp/google\"]",
      "instances": [
        {
          "schema_version": 0,
          "attributes": {
            "charset": "UTF8",
            "collation": "en_US.UTF8",
            "deletion_policy": "DELETE",
            "id": "projects/mc-dev-482002/instances/meccanico-postgres-dev/databases/meccanico",
            "instance": "meccanico-postgres-dev",
            "name": "meccanico",
            "project": "mc-dev-482002",
            "self_link": "https://sqladmin.googleapis.com/sql/v1beta4/projects/mc-dev-482002/instances/meccanico-postgres-dev/databases/meccanico",
            "timeouts": null
          },
          "sensitive_attributes": [],
          "identity_schema_version": 0,
          "private": "eyJlMmJmYjczMC1lY2FhLTExZTYtOGY4OC0zNDM2M2JjN2M0YzAiOnsiY3JlYXRlIjoxMjAwMDAwMDAwMDAwLCJkZWxldGUiOjEyMDAwMDAwMDAwMDAsInVwZGF0ZSI6MTIwMDAwMDAwMDAwMH19",
          "dependencies": [
            "module.database.google_sql_database_instance.postgres",
            "module.network.google_compute_global_address.private_ip_range",
            "module.network.google_compute_network.vpc",
            "module.network.google_compute_subnetwork.subnet",
            "module.network.google_service_networking_connection.private_vpc_connection",
            "module.network.google_vpc_access_connector.connector"
          ]
        }
      ]
    },
    {
      "module": "module.database",
      "mode": "managed",
      "type": "google_sql_database_instance",
      "name": "postgres",
      "provider": "provider[\"registry.terraform.io/hashicorp/google\"]",
      "instances": [
        {
          "schema_version": 0,
          "attributes": {
            "available_maintenance_versions": [],
            "clone": [],
            "connection_name": "mc-dev-482002:australia-southeast1:meccanico-postgres-dev",
            "database_version": "POSTGRES_15",
            "deletion_protection": true,
            "dns_name": "",
            "encryption_key_name": null,
            "first_ip_address": "10.188.0.3",
            "id": "meccanico-postgres-dev",
            "instance_type": "CLOUD_SQL_INSTANCE",
            "ip_address": [
              {
                "ip_address": "10.188.0.3",
                "time_to_retire": "",
                "type": "PRIVATE"
              }
            ],
            "maintenance_version": "POSTGRES_15_15.R20251004.01_26",
            "master_instance_name": "",
            "name": "meccanico-postgres-dev",
            "private_ip_address": "10.188.0.3",
            "project": "mc-dev-482002",
            "psc_service_attachment_link": "",
            "public_ip_address": "",
            "region": "australia-southeast1",
            "replica_configuration": [],
            "restore_backup_context": [],
            "root_password": null,
            "self_link": "https://sqladmin.googleapis.com/sql/v1beta4/projects/mc-dev-482002/instances/meccanico-postgres-dev",
            "server_ca_cert": [
              {
                "cert": "-----BEGIN CERTIFICATE-----\nMIIDfzCCAmegAwIBAgIBADANBgkqhkiG9w0BAQsFADB3MS0wKwYDVQQuEyQ1ZDcw\nMjgwZS03ZDI4LTQyMzEtOTdjMy0wMDMxYjI0N2E5NDMxIzAhBgNVBAMTGkdvb2ds\nZSBDbG91ZCBTUUwgU2VydmVyIENBMRQwEgYDVQQKEwtHb29nbGUsIEluYzELMAkG\nA1UEBhMCVVMwHhcNMjUxMjIyMDQ0OTEzWhcNMzUxMjIwMDQ1MDEzWjB3MS0wKwYD\nVQQuEyQ1ZDcwMjgwZS03ZDI4LTQyMzEtOTdjMy0wMDMxYjI0N2E5NDMxIzAhBgNV\nBAMTGkdvb2dsZSBDbG91ZCBTUUwgU2VydmVyIENBMRQwEgYDVQQKEwtHb29nbGUs\nIEluYzELMAkGA1UEBhMCVVMwggEiMA0GCSqGSIb3DQEBAQUAA4IBDwAwggEKAoIB\nAQCy0wPf8uvhbcmow8kWx/4VTHKBmGuWl+7VvLcYrUiQeyXMMwaNpojfeoiMJufw\nGy/eHP6g4draEdQxhcjVInYM3IBIdLn98FfbtRAgG9+mvoWJMrq7neQ3rSPz3RTL\ncMXSF6rc1yyPlRZUV4slgvNRal4TFKv82zn0fyKzxUGgC+2i5ChyR33zNOlqtqZp\n+BmB7d4CejiUAMwXIazvr/lA+OtlbWVyNoZZw8QiaoLOR0WbkIglIDluv4AYRte8\nfWNYzdg3311FWWdpIe/3mi4AhvHDYa0c9QVFnJURfQw3xKVYCxp3RJMfMPf8a0uZ\nN0+H938HOjRCUQkBwZEwy2sdAgMBAAGjFjAUMBIGA1UdEwEB/wQIMAYBAf8CAQAw\nDQYJKoZIhvcNAQELBQADggEBAB2JLHjBRQhg0ukUq+jTFPpdEnfXP2p1A683p8hR\nUh1mA9sM35loXb3LdJEEYCJi/Ja9cUB/Q3idCM4goLQryUjs32Ikc/utuu0IMy0c\nTvIuhDz2C8nwxnEvdeiZ+pL1Tbm9zLqk+uSa5WKWFxLQMbLDVux/fCyO/GltI39P\np5QQOEyLWiBGasUhXXNnklAJYtzeaAG57MteLgwhDxjOUQfAuaCj3aOlg+1fmOtC\nQ9RT0XPhKY9ozc6MQQQ81Jbol29+BzLtmjtV2cCdsQFQwHbJvlLrDVQOyrsRPkRv\n+JcChg0NiGhYp6AnnFuRQ0aFWq7yZQVdRq667cU8ctkNCUQ=\n-----END CERTIFICATE-----",
                "common_name": "C=US,O=Google\\, Inc,CN=Google Cloud SQL Server CA,dnQualifier=5d70280e-7d28-4231-97c3-0031b247a943",
                "create_time": "2025-12-22T04:49:13.331Z",
                "expiration_time": "2035-12-20T04:50:13.331Z",
                "sha1_fingerprint": "7fbec8d2858f1fc395cd1248346f81efc5e2ef0b"
              }
            ],
            "service_account_email_address": "p27641770422-8hti1i@gcp-sa-cloud-sql.iam.gserviceaccount.com",
            "settings": [
              {
                "activation_policy": "ALWAYS",
                "active_directory_config": [],
                "advanced_machine_features": [],
                "availability_type": "ZONAL",
                "backup_configuration": [
                  {
                    "backup_retention_settings": [
                      {
                        "retained_backups": 7,
                        "retention_unit": "COUNT"
                      }
                    ],
                    "binary_log_enabled": false,
                    "enabled": true,
                    "location": "",
                    "point_in_time_recovery_enabled": true,
                    "start_time": "03:00",
                    "transaction_log_retention_days": 7
                  }
                ],
                "collation": "",
                "connector_enforcement": "NOT_REQUIRED",
                "data_cache_config": [],
                "database_flags": [
                  {
                    "name": "max_connections",
                    "value": "100"
                  }
                ],
                "deletion_protection_enabled": false,
                "deny_maintenance_period": [],
                "disk_autoresize": true,
                "disk_autoresize_limit": 100,
                "disk_size": 20,
                "disk_type": "PD_SSD",
                "edition": "ENTERPRISE",
                "enable_dataplex_integration": false,
                "enable_google_ml_integration": false,
                "insights_config": [
                  {
                    "query_insights_enabled": true,
                    "query_plans_per_minute": 0,
                    "query_string_length": 1024,
                    "record_application_tags": true,
                    "record_client_address": true
                  }
                ],
                "ip_configuration": [
                  {
                    "allocated_ip_range": "",
                    "authorized_networks": [],
                    "enable_private_path_for_google_cloud_services": true,
                    "ipv4_enabled": false,
                    "private_network": "projects/mc-dev-482002/global/networks/meccanico-vpc",
                    "psc_config": [],
                    "require_ssl": false,
                    "server_ca_mode": "GOOGLE_MANAGED_INTERNAL_CA",
                    "ssl_mode": ""
                  }
                ],
                "location_preference": [
                  {
                    "follow_gae_application": "",
                    "secondary_zone": "",
                    "zone": "australia-southeast1-b"
                  }
                ],
                "maintenance_window": [],
                "password_validation_policy": [],
                "pricing_plan": "PER_USE",
                "sql_server_audit_config": [],
                "tier": "db-f1-micro",
                "time_zone": "",
                "user_labels": {},
                "version": 1
              }
            ],
            "timeouts": null
          },
          "sensitive_attributes": [
            [
              {
                "type": "get_attr",
                "value": "root_password"
              }
            ],
            [
              {
                "type": "get_attr",
                "value": "server_ca_cert"
              }
            ]
          ],
          "identity_schema_version": 0,
          "private": "eyJlMmJmYjczMC1lY2FhLTExZTYtOGY4OC0zNDM2M2JjN2M0YzAiOnsiY3JlYXRlIjo1NDAwMDAwMDAwMDAwLCJkZWxldGUiOjU0MDAwMDAwMDAwMDAsInVwZGF0ZSI6NTQwMDAwMDAwMDAwMH19",
          "dependencies": [
            "module.network.google_compute_global_address.private_ip_range",
            "module.network.google_compute_network.vpc",
            "module.network.google_compute_subnetwork.subnet",
            "module.network.google_service_networking_connection.private_vpc_connection",
            "module.network.google_vpc_access_connector.connector"
          ]
        }
      ]
    },
    {
      "module": "module.database",
      "mode": "managed",
      "type": "google_sql_user",
      "name": "user",
      "provider": "provider[\"registry.terraform.io/hashicorp/google\"]",
      "instances": [
        {
          "schema_version": 1,
          "attributes": {
            "deletion_policy": null,
            "host": "",
            "id": "meccanico//meccanico-postgres-dev",
            "instance": "meccanico-postgres-dev",
            "name": "meccanico",
            "password": "password123456",
            "password_policy": [],
            "project": "mc-dev-482002",
            "sql_server_user_details": [],
            "timeouts": null,
            "type": ""
          },
          "sensitive_attributes": [
            [
              {
                "type": "get_attr",
                "value": "password"
              }
            ]
          ],
          "identity_schema_version": 0,
          "private": "eyJlMmJmYjczMC1lY2FhLTExZTYtOGY4OC0zNDM2M2JjN2M0YzAiOnsiY3JlYXRlIjo2MDAwMDAwMDAwMDAsImRlbGV0ZSI6NjAwMDAwMDAwMDAwLCJ1cGRhdGUiOjYwMDAwMDAwMDAwMH0sInNjaGVtYV92ZXJzaW9uIjoiMSJ9",
          "dependencies": [
            "module.database.google_sql_database_instance.postgres",
            "module.network.google_compute_global_address.private_ip_range",
            "module.network.google_compute_network.vpc",
            "module.network.google_compute_subnetwork.subnet",
            "module.network.google_service_networking_connection.private_vpc_connection",
            "module.network.google_vpc_access_connector.connector"
          ]
        }
      ]
    },
    {
      "module": "module.network",
      "mode": "managed",
      "type": "google_compute_global_address",
      "name": "private_ip_range",
      "provider": "provider[\"registry.terraform.io/hashicorp/google\"]",
      "instances": [
        {
          "schema_version": 0,
          "attributes": {
            "address": "10.188.0.0",
            "address_type": "INTERNAL",
            "creation_timestamp": "2025-12-21T20:42:48.164-08:00",
            "description": "",
            "effective_labels": {},
            "id": "projects/mc-dev-482002/global/addresses/meccanico-private-ip-range",
            "ip_version": "",
            "label_fingerprint": "42WmSpB8rSM=",
            "labels": null,
            "name": "meccanico-private-ip-range",
            "network": "https://www.googleapis.com/compute/v1/projects/mc-dev-482002/global/networks/meccanico-vpc",
            "prefix_length": 16,
            "project": "mc-dev-482002",
            "purpose": "VPC_PEERING",
            "self_link": "https://www.googleapis.com/compute/v1/projects/mc-dev-482002/global/addresses/meccanico-private-ip-range",
            "terraform_labels": {},
            "timeouts": null
          },
          "sensitive_attributes": [],
          "identity_schema_version": 0,
          "private": "eyJlMmJmYjczMC1lY2FhLTExZTYtOGY4OC0zNDM2M2JjN2M0YzAiOnsiY3JlYXRlIjoxMjAwMDAwMDAwMDAwLCJkZWxldGUiOjEyMDAwMDAwMDAwMDAsInVwZGF0ZSI6MTIwMDAwMDAwMDAwMH19",
          "dependencies": [
            "module.network.google_compute_network.vpc"
          ]
        }
      ]
    },
    {
      "module": "module.network",
      "mode": "managed",
      "type": "google_compute_network",
      "name": "vpc",
      "provider": "provider[\"registry.terraform.io/hashicorp/google\"]",
      "instances": [
        {
          "schema_version": 0,
          "attributes": {
            "auto_create_subnetworks": false,
            "delete_default_routes_on_create": false,
            "description": "",
            "enable_ula_internal_ipv6": false,
            "gateway_ipv4": "",
            "id": "projects/mc-dev-482002/global/networks/meccanico-vpc",
            "internal_ipv6_range": "",
            "mtu": 0,
            "name": "meccanico-vpc",
            "network_firewall_policy_enforcement_order": "AFTER_CLASSIC_FIREWALL",
            "numeric_id": "7628339323576087252",
            "project": "mc-dev-482002",
            "routing_mode": "REGIONAL",
            "self_link": "https://www.googleapis.com/compute/v1/projects/mc-dev-482002/global/networks/meccanico-vpc",
            "timeouts": null
          },
          "sensitive_attributes": [],
          "identity_schema_version": 0,
          "private": "eyJlMmJmYjczMC1lY2FhLTExZTYtOGY4OC0zNDM2M2JjN2M0YzAiOnsiY3JlYXRlIjoxMjAwMDAwMDAwMDAwLCJkZWxldGUiOjEyMDAwMDAwMDAwMDAsInVwZGF0ZSI6MTIwMDAwMDAwMDAwMH19"
        }
      ]
    },
    {
      "module": "module.network",
      "mode": "managed",
      "type": "google_compute_subnetwork",
      "name": "subnet",
      "provider": "provider[\"registry.terraform.io/hashicorp/google\"]",
      "instances": [
        {
          "schema_version": 0,
          "attributes": {
            "creation_timestamp": "2025-12-21T20:42:54.360-08:00",
            "description": "",
            "external_ipv6_prefix": "",
            "fingerprint": null,
            "gateway_address": "10.0.0.1",
            "id": "projects/mc-dev-482002/regions/australia-southeast1/subnetworks/meccanico-subnet",
            "internal_ipv6_prefix": "",
            "ip_cidr_range": "10.0.0.0/24",
            "ipv6_access_type": "",
            "ipv6_cidr_range": "",
            "log_config": [],
            "name": "meccanico-subnet",
            "network": "https://www.googleapis.com/compute/v1/projects/mc-dev-482002/global/networks/meccanico-vpc",
            "private_ip_google_access": true,
            "private_ipv6_google_access": "DISABLE_GOOGLE_ACCESS",
            "project": "mc-dev-482002",
            "purpose": "PRIVATE",
            "region": "australia-southeast1",
            "role": "",
            "secondary_ip_range": [],
            "self_link": "https://www.googleapis.com/compute/v1/projects/mc-dev-482002/regions/australia-southeast1/subnetworks/meccanico-subnet",
            "send_secondary_ip_range_if_empty": null,
            "stack_type": "IPV4_ONLY",
            "timeouts": null
          },
          "sensitive_attributes": [],
          "identity_schema_version": 0,
          "private": "eyJlMmJmYjczMC1lY2FhLTExZTYtOGY4OC0zNDM2M2JjN2M0YzAiOnsiY3JlYXRlIjoxMjAwMDAwMDAwMDAwLCJkZWxldGUiOjEyMDAwMDAwMDAwMDAsInVwZGF0ZSI6MTIwMDAwMDAwMDAwMH19",
          "dependencies": [
            "module.network.google_compute_network.vpc"
          ]
        }
      ]
    },
    {
      "module": "module.network",
      "mode": "managed",
      "type": "google_service_networking_connection",
      "name": "private_vpc_connection",
      "provider": "provider[\"registry.terraform.io/hashicorp/google\"]",
      "instances": [
        {
          "schema_version": 0,
          "attributes": {
            "deletion_policy": null,
            "id": "projects%2Fmc-dev-482002%2Fglobal%2Fnetworks%2Fmeccanico-vpc:servicenetworking.googleapis.com",
            "network": "projects/mc-dev-482002/global/networks/meccanico-vpc",
            "peering": "servicenetworking-googleapis-com",
            "reserved_peering_ranges": [
              "meccanico-private-ip-range"
            ],
            "service": "servicenetworking.googleapis.com",
            "timeouts": null,
            "update_on_creation_fail": null
          },
          "sensitive_attributes": [],
          "identity_schema_version": 0,
          "private": "eyJlMmJmYjczMC1lY2FhLTExZTYtOGY4OC0zNDM2M2JjN2M0YzAiOnsiY3JlYXRlIjo2MDAwMDAwMDAwMDAsImRlbGV0ZSI6NjAwMDAwMDAwMDAwLCJ1cGRhdGUiOjYwMDAwMDAwMDAwMH19",
          "dependencies": [
            "module.network.google_compute_global_address.private_ip_range",
            "module.network.google_compute_network.vpc"
          ]
        }
      ]
    },
    {
      "module": "module.network",
      "mode": "managed",
      "type": "google_vpc_access_connector",
      "name": "connector",
      "provider": "provider[\"registry.terraform.io/hashicorp/google\"]",
      "instances": [
        {
          "schema_version": 0,
          "attributes": {
            "connected_projects": [],
            "id": "projects/mc-dev-482002/locations/australia-southeast1/connectors/meccanico-vpc-connector",
            "ip_cidr_range": "10.8.0.0/28",
            "machine_type": "e2-micro",
            "max_instances": 3,
            "max_throughput": 300,
            "min_instances": 2,
            "min_throughput": 200,
            "name": "meccanico-vpc-connector",
            "network": "meccanico-vpc",
            "project": "mc-dev-482002",
            "region": "australia-southeast1",
            "self_link": "projects/mc-dev-482002/locations/australia-southeast1/connectors/meccanico-vpc-connector",
            "state": "READY",
            "subnet": [],
            "timeouts": null
          },
          "sensitive_attributes": [],
          "identity_schema_version": 0,
          "private": "eyJlMmJmYjczMC1lY2FhLTExZTYtOGY4OC0zNDM2M2JjN2M0YzAiOnsiY3JlYXRlIjoxMjAwMDAwMDAwMDAwLCJkZWxldGUiOjEyMDAwMDAwMDAwMDB9fQ==",
          "dependencies": [
            "module.network.google_compute_network.vpc"
          ]
        }
      ]
    }
  ],
  "check_results": null
}
